
Microsoft Visual Studio Solution File, Format Version 12.00
# Visual Studio Version 17
VisualStudioVersion = 17.10.35027.167
MinimumVisualStudioVersion = 10.0.40219.1
Project("{FAE04EC0-301F-11D3-BF4B-00C04F79EFBC}") = "DimaalaEmployeeExam", "DimaalaEmployeeExam.csproj", "{BB3ADCE1-5B40-4A8B-95A3-5A5640ECFFEF}"
EndProject
Global
	GlobalSection(SolutionConfigurationPlatforms) = preSolution
		Debug|Any CPU = Debug|Any CPU
		Release|Any CPU = Release|Any CPU
	EndGlobalSection
	GlobalSection(ProjectConfigurationPlatforms) = postSolution
		{BB3ADCE1-5B40-4A8B-95A3-5A5640ECFFEF}.Debug|Any CPU.ActiveCfg = Debug|Any CPU
		{BB3ADCE1-5B40-4A8B-95A3-5A5640ECFFEF}.Debug|Any CPU.Build.0 = Debug|Any CPU
		{BB3ADCE1-5B40-4A8B-95A3-5A5640ECFFEF}.Release|Any CPU.ActiveCfg = Release|Any CPU
		{BB3ADCE1-5B40-4A8B-95A3-5A5640ECFFEF}.Release|Any CPU.Build.0 = Release|Any CPU
	EndGlobalSection
	GlobalSection(SolutionProperties) = preSolution
		HideSolutionNode = FALSE
	EndGlobalSection
	GlobalSection(ExtensibilityGlobals) = postSolution
		SolutionGuid = {0255ADED-E1CF-491F-AE94-462154375BEB}
	EndGlobalSection
EndGlobal
